
Microsoft Visual Studio Solution File, Format Version 12.00
# Visual Studio Version 16
VisualStudioVersion = 16.0.29613.14
MinimumVisualStudioVersion = 10.0.40219.1
Project("{FAE04EC0-301F-11D3-BF4B-00C04F79EFBC}") = "Injection", "Injection\Injection.csproj", "{A10F4146-6F16-4DFD-BA24-EAAFF0A78831}"
EndProject
Global
	GlobalSection(SolutionConfigurationPlatforms) = preSolution
		Debug|Any CPU = Debug|Any CPU
		Release|Any CPU = Release|Any CPU
	EndGlobalSection
	GlobalSection(ProjectConfigurationPlatforms) = postSolution
		{A10F4146-6F16-4DFD-BA24-EAAFF0A78831}.Debug|Any CPU.ActiveCfg = Debug|Any CPU
		{A10F4146-6F16-4DFD-BA24-EAAFF0A78831}.Debug|Any CPU.Build.0 = Debug|Any CPU
		{A10F4146-6F16-4DFD-BA24-EAAFF0A78831}.Release|Any CPU.ActiveCfg = Release|Any CPU
		{A10F4146-6F16-4DFD-BA24-EAAFF0A78831}.Release|Any CPU.Build.0 = Release|Any CPU
	EndGlobalSection
	GlobalSection(SolutionProperties) = preSolution
		HideSolutionNode = FALSE
	EndGlobalSection
	GlobalSection(ExtensibilityGlobals) = postSolution
		SolutionGuid = {8397FF57-F03B-4B4A-A3D9-D4F4E21FA17B}
	EndGlobalSection
EndGlobal
